
Microsoft Visual Studio Solution File, Format Version 11.00
# Visual Studio 2010
Project("{8BC9CEB8-8B4A-11D0-8D11-00A0C91BC942}") = "SortProgram", "SortProgram\SortProgram.vcxproj", "{0525C8D0-D3D1-448F-9D73-D2951EC17F8D}"
EndProject
Global
	GlobalSection(SolutionConfigurationPlatforms) = preSolution
		Debug|Win32 = Debug|Win32
		Release|Win32 = Release|Win32
	EndGlobalSection
	GlobalSection(ProjectConfigurationPlatforms) = postSolution
		{0525C8D0-D3D1-448F-9D73-D2951EC17F8D}.Debug|Win32.ActiveCfg = Debug|Win32
		{0525C8D0-D3D1-448F-9D73-D2951EC17F8D}.Debug|Win32.Build.0 = Debug|Win32
		{0525C8D0-D3D1-448F-9D73-D2951EC17F8D}.Release|Win32.ActiveCfg = Release|Win32
		{0525C8D0-D3D1-448F-9D73-D2951EC17F8D}.Release|Win32.Build.0 = Release|Win32
	EndGlobalSection
	GlobalSection(SolutionProperties) = preSolution
		HideSolutionNode = FALSE
	EndGlobalSection
EndGlobal
